// !$*UTF8*$!
{
	archiveVersion = 1;
	classes = {
	};
	objectVersion = 77;
	objects = {

/* Begin PBXBuildFile section */
		F62DD4112F7054C400F9D858 /* Auth in Frameworks */ = {isa = PBXBuildFile; productRef = F62DD4102F7054C400F9D858 /* Auth */; };
		F62DD4132F7054C400F9D858 /* Functions in Frameworks */ = {isa = PBXBuildFile; productRef = F62DD4122F7054C400F9D858 /* Functions */; };
		F62DD4152F7054C400F9D858 /* PostgREST in Frameworks */ = {isa = PBXBuildFile; productRef = F62DD4142F7054C400F9D858 /* PostgREST */; };
		F62DD4172F7054C400F9D858 /* Realtime in Frameworks */ = {isa = PBXBuildFile; productRef = F62DD4162F7054C400F9D858 /* Realtime */; };
		F62DD4192F7054C400F9D858 /* Storage in Frameworks */ = {isa = PBXBuildFile; productRef = F62DD4182F7054C400F9D858 /* Storage */; };
		F62DD41C2F7055F300F9D858 /* Supabase in Frameworks */ = {isa = PBXBuildFile; productRef = F62DD41B2F7055F300F9D858 /* Supabase */; };
/* End PBXBuildFile section */

/* Begin PBXContainerItemProxy section */
		F62DD3F32F70509900F9D858 /* PBXContainerItemProxy */ = {
			isa = PBXContainerItemProxy;
			containerPortal = F62DD3DD2F70509600F9D858 /* Project object */;
			proxyType = 1;
			remoteGlobalIDString = F62DD3E42F70509600F9D858;
			remoteInfo = "Family Hub";
		};
		F62DD3FD2F70509900F9D858 /* PBXContainerItemProxy */ = {
			isa = PBXContainerItemProxy;
			containerPortal = F62DD3DD2F70509600F9D858 /* Project object */;
			proxyType = 1;
			remoteGlobalIDString = F62DD3E42F70509600F9D858;
			remoteInfo = "Family Hub";
		};
/* End PBXContainerItemProxy section */

/* Begin PBXFileReference section */
		F62DD3E52F70509600F9D858 /* Family Hub.app */ = {isa = PBXFileReference; explicitFileType = wrapper.application; includeInIndex = 0; path = "Family Hub.app"; sourceTree = BUILT_PRODUCTS_DIR; };
		F62DD3F22F70509900F9D858 /* Family HubTests.xctest */ = {isa = PBXFileReference; explicitFileType = wrapper.cfbundle; includeInIndex = 0; path = "Family HubTests.xctest"; sourceTree = BUILT_PRODUCTS_DIR; };
		F62DD3FC2F70509900F9D858 /* Family HubUITests.xctest */ = {isa = PBXFileReference; explicitFileType = wrapper.cfbundle; includeInIndex = 0; path = "Family HubUITests.xctest"; sourceTree = BUILT_PRODUCTS_DIR; };
/* End PBXFileReference section */

/* Begin PBXFileSystemSynchronizedRootGroup section */
		F62DD3E72F70509600F9D858 /* Family Hub */ = {
			isa = PBXFileSystemSynchronizedRootGroup;
			path = "Family Hub";
			sourceTree = "<group>";
		};
		F62DD3F52F70509900F9D858 /* Family HubTests */ = {
			isa = PBXFileSystemSynchronizedRootGroup;
			path = "Family HubTests";
			sourceTree = "<group>";
		};
		F62DD3FF2F70509900F9D858 /* Family HubUITests */ = {
			isa = PBXFileSystemSynchronizedRootGroup;
			path = "Family HubUITests";
			sourceTree = "<group>";
		};
/* End PBXFileSystemSynchronizedRootGroup section */

/* Begin PBXFrameworksBuildPhase section */
		F62DD3E22F70509600F9D858 /* Frameworks */ = {
			isa = PBXFrameworksBuildPhase;
			buildActionMask = 2147483647;
			files = (
				F62DD4152F7054C400F9D858 /* PostgREST in Frameworks */,
				F62DD4132F7054C400F9D858 /* Functions in Frameworks */,
				F62DD41C2F7055F300F9D858 /* Supabase in Frameworks */,
				F62DD4112F7054C400F9D858 /* Auth in Frameworks */,
				F62DD4192F7054C400F9D858 /* Storage in Frameworks */,
				F62DD4172F7054C400F9D858 /* Realtime in Frameworks */,
			);
			runOnlyForDeploymentPostprocessing = 0;
		};
		F62DD3EF2F70509900F9D858 /* Frameworks */ = {
			isa = PBXFrameworksBuildPhase;
			buildActionMask = 2147483647;
			files = (
			);
			runOnlyForDeploymentPostprocessing = 0;
		};
		F62DD3F92F70509900F9D858 /* Frameworks */ = {
			isa = PBXFrameworksBuildPhase;
			buildActionMask = 2147483647;
			files = (
			);
			runOnlyForDeploymentPostprocessing = 0;
		};
/* End PBXFrameworksBuildPhase section */

/* Begin PBXGroup section */
		F62DD3DC2F70509600F9D858 = {
			isa = PBXGroup;
			children = (
				F62DD3E72F70509600F9D858 /* Family Hub */,
				F62DD3F52F70509900F9D858 /* Family HubTests */,
				F62DD3FF2F70509900F9D858 /* Family HubUITests */,
				F62DD41A2F7055F300F9D858 /* Frameworks */,
				F62DD3E62F70509600F9D858 /* Products */,
			);
			sourceTree = "<group>";
		};
		F62DD3E62F70509600F9D858 /* Products */ = {
			isa = PBXGroup;
			children = (
				F62DD3E52F70509600F9D858 /* Family Hub.app */,
				F62DD3F22F70509900F9D858 /* Family HubTests.xctest */,
				F62DD3FC2F70509900F9D858 /* Family HubUITests.xctest */,
			);
			name = Products;
			sourceTree = "<group>";
		};
		F62DD41A2F7055F300F9D858 /* Frameworks */ = {
			isa = PBXGroup;
			children = (
			);
			name = Frameworks;
			sourceTree = "<group>";
		};
/* End PBXGroup section */

/* Begin PBXNativeTarget section */
		F62DD3E42F70509600F9D858 /* Family Hub */ = {
			isa = PBXNativeTarget;
			buildConfigurationList = F62DD4062F70509900F9D858 /* Build configuration list for PBXNativeTarget "Family Hub" */;
			buildPhases = (
				F62DD3E12F70509600F9D858 /* Sources */,
				F62DD3E22F70509600F9D858 /* Frameworks */,
				F62DD3E32F70509600F9D858 /* Resources */,
			);
			buildRules = (
			);
			dependencies = (
			);
			fileSystemSynchronizedGroups = (
				F62DD3E72F70509600F9D858 /* Family Hub */,
			);
			name = "Family Hub";
			packageProductDependencies = (
				F62DD4102F7054C400F9D858 /* Auth */,
				F62DD4122F7054C400F9D858 /* Functions */,
				F62DD4142F7054C400F9D858 /* PostgREST */,
				F62DD4162F7054C400F9D858 /* Realtime */,
				F62DD4182F7054C400F9D858 /* Storage */,
				F62DD41B2F7055F300F9D858 /* Supabase */,
			);
			productName = "Family Hub";
			productReference = F62DD3E52F70509600F9D858 /* Family Hub.app */;
			productType = "com.apple.product-type.application";
		};
		F62DD3F12F70509900F9D858 /* Family HubTests */ = {
			isa = PBXNativeTarget;
			buildConfigurationList = F62DD4092F70509900F9D858 /* Build configuration list for PBXNativeTarget "Family HubTests" */;
			buildPhases = (
				F62DD3EE2F70509900F9D858 /* Sources */,
				F62DD3EF2F70509900F9D858 /* Frameworks */,
				F62DD3F02F70509900F9D858 /* Resources */,
			);
			buildRules = (
			);
			dependencies = (
				F62DD3F42F70509900F9D858 /* PBXTargetDependency */,
			);
			fileSystemSynchronizedGroups = (
				F62DD3F52F70509900F9D858 /* Family HubTests */,
			);
			name = "Family HubTests";
			packageProductDependencies = (
			);
			productName = "Family HubTests";
			productReference = F62DD3F22F70509900F9D858 /* Family HubTests.xctest */;
			productType = "com.apple.product-type.bundle.unit-test";
		};
		F62DD3FB2F70509900F9D858 /* Family HubUITests */ = {
			isa = PBXNativeTarget;
			buildConfigurationList = F62DD40C2F70509900F9D858 /* Build configuration list for PBXNativeTarget "Family HubUITests" */;
			buildPhases = (
				F62DD3F82F70509900F9D858 /* Sources */,
				F62DD3F92F70509900F9D858 /* Frameworks */,
				F62DD3FA2F70509900F9D858 /* Resources */,
			);
			buildRules = (
			);
			dependencies = (
				F62DD3FE2F70509900F9D858 /* PBXTargetDependency */,
			);
			fileSystemSynchronizedGroups = (
				F62DD3FF2F70509900F9D858 /* Family HubUITests */,
			);
			name = "Family HubUITests";
			packageProductDependencies = (
			);
			productName = "Family HubUITests";
			productReference = F62DD3FC2F70509900F9D858 /* Family HubUITests.xctest */;
			productType = "com.apple.product-type.bundle.ui-testing";
		};
/* End PBXNativeTarget section */

/* Begin PBXProject section */
		F62DD3DD2F70509600F9D858 /* Project object */ = {
			isa = PBXProject;
			attributes = {
				BuildIndependentTargetsInParallel = 1;
				LastSwiftUpdateCheck = 2630;
				LastUpgradeCheck = 2630;
				TargetAttributes = {
					F62DD3E42F70509600F9D858 = {
						CreatedOnToolsVersion = 26.3;
					};
					F62DD3F12F70509900F9D858 = {
						CreatedOnToolsVersion = 26.3;
						TestTargetID = F62DD3E42F70509600F9D858;
					};
					F62DD3FB2F70509900F9D858 = {
						CreatedOnToolsVersion = 26.3;
						TestTargetID = F62DD3E42F70509600F9D858;
					};
				};
			};
			buildConfigurationList = F62DD3E02F70509600F9D858 /* Build configuration list for PBXProject "Family Hub" */;
			developmentRegion = en;
			hasScannedForEncodings = 0;
			knownRegions = (
				en,
				Base,
			);
			mainGroup = F62DD3DC2F70509600F9D858;
			minimizedProjectReferenceProxies = 1;
			packageReferences = (
				F62DD40F2F7054C400F9D858 /* XCRemoteSwiftPackageReference "supabase-swift" */,
			);
			preferredProjectObjectVersion = 77;
			productRefGroup = F62DD3E62F70509600F9D858 /* Products */;
			projectDirPath = "";
			projectRoot = "";
			targets = (
				F62DD3E42F70509600F9D858 /* Family Hub */,
				F62DD3F12F70509900F9D858 /* Family HubTests */,
				F62DD3FB2F70509900F9D858 /* Family HubUITests */,
			);
		};
/* End PBXProject section */

/* Begin PBXResourcesBuildPhase section */
		F62DD3E32F70509600F9D858 /* Resources */ = {
			isa = PBXResourcesBuildPhase;
			buildActionMask = 2147483647;
			files = (
			);
			runOnlyForDeploymentPostprocessing = 0;
		};
		F62DD3F02F70509900F9D858 /* Resources */ = {
			isa = PBXResourcesBuildPhase;
			buildActionMask = 2147483647;
			files = (
			);
			runOnlyForDeploymentPostprocessing = 0;
		};
		F62DD3FA2F70509900F9D858 /* Resources */ = {
			isa = PBXResourcesBuildPhase;
			buildActionMask = 2147483647;
			files = (
			);
			runOnlyForDeploymentPostprocessing = 0;
		};
/* End PBXResourcesBuildPhase section */

/* Begin PBXSourcesBuildPhase section */
		F62DD3E12F70509600F9D858 /* Sources */ = {
			isa = PBXSourcesBuildPhase;
			buildActionMask = 2147483647;
			files = (
			);
			runOnlyForDeploymentPostprocessing = 0;
		};
		F62DD3EE2F70509900F9D858 /* Sources */ = {
			isa = PBXSourcesBuildPhase;
			buildActionMask = 2147483647;
			files = (
			);
			runOnlyForDeploymentPostprocessing = 0;
		};
		F62DD3F82F70509900F9D858 /* Sources */ = {
			isa = PBXSourcesBuildPhase;
			buildActionMask = 2147483647;
			files = (
			);
			runOnlyForDeploymentPostprocessing = 0;
		};
/* End PBXSourcesBuildPhase section */

/* Begin PBXTargetDependency section */
		F62DD3F42F70509900F9D858 /* PBXTargetDependency */ = {
			isa = PBXTargetDependency;
			target = F62DD3E42F70509600F9D858 /* Family Hub */;
			targetProxy = F62DD3F32F70509900F9D858 /* PBXContainerItemProxy */;
		};
		F62DD3FE2F70509900F9D858 /* PBXTargetDependency */ = {
			isa = PBXTargetDependency;
			target = F62DD3E42F70509600F9D858 /* Family Hub */;
			targetProxy = F62DD3FD2F70509900F9D858 /* PBXContainerItemProxy */;
		};
/* End PBXTargetDependency section */

/* Begin XCBuildConfiguration section */
		F62DD4042F70509900F9D858 /* Debug */ = {
			isa = XCBuildConfiguration;
			buildSettings = {
				ALWAYS_SEARCH_USER_PATHS = NO;
				ASSETCATALOG_COMPILER_GENERATE_SWIFT_ASSET_SYMBOL_EXTENSIONS = YES;
				CLANG_ANALYZER_NONNULL = YES;
				CLANG_ANALYZER_NUMBER_OBJECT_CONVERSION = YES_AGGRESSIVE;
				CLANG_CXX_LANGUAGE_STANDARD = "gnu++20";
				CLANG_ENABLE_MODULES = YES;
				CLANG_ENABLE_OBJC_ARC = YES;
				CLANG_ENABLE_OBJC_WEAK = YES;
				CLANG_WARN_BLOCK_CAPTURE_AUTORELEASING = YES;
				CLANG_WARN_BOOL_CONVERSION = YES;
				CLANG_WARN_COMMA = YES;
				CLANG_WARN_CONSTANT_CONVERSION = YES;
				CLANG_WARN_DEPRECATED_OBJC_IMPLEMENTATIONS = YES;
				CLANG_WARN_DIRECT_OBJC_ISA_USAGE = YES_ERROR;
				CLANG_WARN_DOCUMENTATION_COMMENTS = YES;
				CLANG_WARN_EMPTY_BODY = YES;
				CLANG_WARN_ENUM_CONVERSION = YES;
				CLANG_WARN_INFINITE_RECURSION = YES;
				CLANG_WARN_INT_CONVERSION = YES;
				CLANG_WARN_NON_LITERAL_NULL_CONVERSION = YES;
				CLANG_WARN_OBJC_IMPLICIT_RETAIN_SELF = YES;
				CLANG_WARN_OBJC_LITERAL_CONVERSION = YES;
				CLANG_WARN_OBJC_ROOT_CLASS = YES_ERROR;
				CLANG_WARN_QUOTED_INCLUDE_IN_FRAMEWORK_HEADER = YES;
				CLANG_WARN_RANGE_LOOP_ANALYSIS = YES;
				CLANG_WARN_STRICT_PROTOTYPES = YES;
				CLANG_WARN_SUSPICIOUS_MOVE = YES;
				CLANG_WARN_UNGUARDED_AVAILABILITY = YES_AGGRESSIVE;
				CLANG_WARN_UNREACHABLE_CODE = YES;
				CLANG_WARN__DUPLICATE_METHOD_MATCH = YES;
				COPY_PHASE_STRIP = NO;
				DEBUG_INFORMATION_FORMAT = dwarf;
				DEVELOPMENT_TEAM = 37CAHGRH45;
				ENABLE_STRICT_OBJC_MSGSEND = YES;
				ENABLE_TESTABILITY = YES;
				ENABLE_USER_SCRIPT_SANDBOXING = YES;
				GCC_C_LANGUAGE_STANDARD = gnu17;
				GCC_DYNAMIC_NO_PIC = NO;
				GCC_NO_COMMON_BLOCKS = YES;
				GCC_OPTIMIZATION_LEVEL = 0;
				GCC_PREPROCESSOR_DEFINITIONS = (
					"DEBUG=1",
					"$(inherited)",
				);
				GCC_WARN_64_TO_32_BIT_CONVERSION = YES;
				GCC_WARN_ABOUT_RETURN_TYPE = YES_ERROR;
				GCC_WARN_UNDECLARED_SELECTOR = YES;
				GCC_WARN_UNINITIALIZED_AUTOS = YES_AGGRESSIVE;
				GCC_WARN_UNUSED_FUNCTION = YES;
				GCC_WARN_UNUSED_VARIABLE = YES;
				LOCALIZATION_PREFERS_STRING_CATALOGS = YES;
				MTL_ENABLE_DEBUG_INFO = INCLUDE_SOURCE;
				MTL_FAST_MATH = YES;
				ONLY_ACTIVE_ARCH = YES;
				SWIFT_ACTIVE_COMPILATION_CONDITIONS = "DEBUG $(inherited)";
				SWIFT_OPTIMIZATION_LEVEL = "-Onone";
			};
			name = Debug;
		};
		F62DD4052F70509900F9D858 /* Release */ = {
			isa = XCBuildConfiguration;
			buildSettings = {
				ALWAYS_SEARCH_USER_PATHS = NO;
				ASSETCATALOG_COMPILER_GENERATE_SWIFT_ASSET_SYMBOL_EXTENSIONS = YES;
				CLANG_ANALYZER_NONNULL = YES;
				CLANG_ANALYZER_NUMBER_OBJECT_CONVERSION = YES_AGGRESSIVE;
				CLANG_CXX_LANGUAGE_STANDARD = "gnu++20";
				CLANG_ENABLE_MODULES = YES;
				CLANG_ENABLE_OBJC_ARC = YES;
				CLANG_ENABLE_OBJC_WEAK = YES;
				CLANG_WARN_BLOCK_CAPTURE_AUTORELEASING = YES;
				CLANG_WARN_BOOL_CONVERSION = YES;
				CLANG_WARN_COMMA = YES;
				CLANG_WARN_CONSTANT_CONVERSION = YES;
				CLANG_WARN_DEPRECATED_OBJC_IMPLEMENTATIONS = YES;
				CLANG_WARN_DIRECT_OBJC_ISA_USAGE = YES_ERROR;
				CLANG_WARN_DOCUMENTATION_COMMENTS = YES;
				CLANG_WARN_EMPTY_BODY = YES;
				CLANG_WARN_ENUM_CONVERSION = YES;
				CLANG_WARN_INFINITE_RECURSION = YES;
				CLANG_WARN_INT_CONVERSION = YES;
				CLANG_WARN_NON_LITERAL_NULL_CONVERSION = YES;
				CLANG_WARN_OBJC_IMPLICIT_RETAIN_SELF = YES;
				CLANG_WARN_OBJC_LITERAL_CONVERSION = YES;
				CLANG_WARN_OBJC_ROOT_CLASS = YES_ERROR;
				CLANG_WARN_QUOTED_INCLUDE_IN_FRAMEWORK_HEADER = YES;
				CLANG_WARN_RANGE_LOOP_ANALYSIS = YES;
				CLANG_WARN_STRICT_PROTOTYPES = YES;
				CLANG_WARN_SUSPICIOUS_MOVE = YES;
				CLANG_WARN_UNGUARDED_AVAILABILITY = YES_AGGRESSIVE;
				CLANG_WARN_UNREACHABLE_CODE = YES;
				CLANG_WARN__DUPLICATE_METHOD_MATCH = YES;
				COPY_PHASE_STRIP = NO;
				DEBUG_INFORMATION_FORMAT = "dwarf-with-dsym";
				DEVELOPMENT_TEAM = 37CAHGRH45;
				ENABLE_NS_ASSERTIONS = NO;
				ENABLE_STRICT_OBJC_MSGSEND = YES;
				ENABLE_USER_SCRIPT_SANDBOXING = YES;
				GCC_C_LANGUAGE_STANDARD = gnu17;
				GCC_NO_COMMON_BLOCKS = YES;
				GCC_WARN_64_TO_32_BIT_CONVERSION = YES;
				GCC_WARN_ABOUT_RETURN_TYPE = YES_ERROR;
				GCC_WARN_UNDECLARED_SELECTOR = YES;
				GCC_WARN_UNINITIALIZED_AUTOS = YES_AGGRESSIVE;
				GCC_WARN_UNUSED_FUNCTION = YES;
				GCC_WARN_UNUSED_VARIABLE = YES;
				LOCALIZATION_PREFERS_STRING_CATALOGS = YES;
				MTL_ENABLE_DEBUG_INFO = NO;
				MTL_FAST_MATH = YES;
				SWIFT_COMPILATION_MODE = wholemodule;
			};
			name = Release;
		};
		F62DD4072F70509900F9D858 /* Debug */ = {
			isa = XCBuildConfiguration;
			buildSettings = {
				ASSETCATALOG_COMPILER_APPICON_NAME = AppIcon;
				ASSETCATALOG_COMPILER_GLOBAL_ACCENT_COLOR_NAME = AccentColor;
				CODE_SIGN_STYLE = Automatic;
				CURRENT_PROJECT_VERSION = 1;
				DEVELOPMENT_TEAM = 37CAHGRH45;
				ENABLE_APP_SANDBOX = YES;
				ENABLE_HARDENED_RUNTIME = YES;
				ENABLE_PREVIEWS = YES;
				ENABLE_USER_SELECTED_FILES = readonly;
				GENERATE_INFOPLIST_FILE = YES;
				"INFOPLIST_KEY_UIApplicationSceneManifest_Generation[sdk=iphoneos*]" = YES;
				"INFOPLIST_KEY_UIApplicationSceneManifest_Generation[sdk=iphonesimulator*]" = YES;
				"INFOPLIST_KEY_UIApplicationSupportsIndirectInputEvents[sdk=iphoneos*]" = YES;
				"INFOPLIST_KEY_UIApplicationSupportsIndirectInputEvents[sdk=iphonesimulator*]" = YES;
				"INFOPLIST_KEY_UILaunchScreen_Generation[sdk=iphoneos*]" = YES;
				"INFOPLIST_KEY_UILaunchScreen_Generation[sdk=iphonesimulator*]" = YES;
				"INFOPLIST_KEY_UIStatusBarStyle[sdk=iphoneos*]" = UIStatusBarStyleDefault;
				"INFOPLIST_KEY_UIStatusBarStyle[sdk=iphonesimulator*]" = UIStatusBarStyleDefault;
				INFOPLIST_KEY_UISupportedInterfaceOrientations_iPad = "UIInterfaceOrientationPortrait UIInterfaceOrientationPortraitUpsideDown UIInterfaceOrientationLandscapeLeft UIInterfaceOrientationLandscapeRight";
				INFOPLIST_KEY_UISupportedInterfaceOrientations_iPhone = "UIInterfaceOrientationPortrait UIInterfaceOrientationLandscapeLeft UIInterfaceOrientationLandscapeRight";
				IPHONEOS_DEPLOYMENT_TARGET = 26.2;
				LD_RUNPATH_SEARCH_PATHS = "@executable_path/Frameworks";
				"LD_RUNPATH_SEARCH_PATHS[sdk=macosx*]" = "@executable_path/../Frameworks";
				MACOSX_DEPLOYMENT_TARGET = 26.2;
				MARKETING_VERSION = 1.0;
				PRODUCT_BUNDLE_IDENTIFIER = "com.amplifiedprojects.Family-Hub";
				PRODUCT_NAME = "$(TARGET_NAME)";
				REGISTER_APP_GROUPS = YES;
				SDKROOT = auto;
				STRING_CATALOG_GENERATE_SYMBOLS = YES;
				SUPPORTED_PLATFORMS = "iphoneos iphonesimulator macosx xros xrsimulator";
				SWIFT_APPROACHABLE_CONCURRENCY = YES;
				SWIFT_DEFAULT_ACTOR_ISOLATION = MainActor;
				SWIFT_EMIT_LOC_STRINGS = YES;
				SWIFT_UPCOMING_FEATURE_MEMBER_IMPORT_VISIBILITY = YES;
				SWIFT_VERSION = 5.0;
				TARGETED_DEVICE_FAMILY = "1,2,7";
				XROS_DEPLOYMENT_TARGET = 26.2;
			};
			name = Debug;
		};
		F62DD4082F70509900F9D858 /* Release */ = {
			isa = XCBuildConfiguration;
			buildSettings = {
				ASSETCATALOG_COMPILER_APPICON_NAME = AppIcon;
				ASSETCATALOG_COMPILER_GLOBAL_ACCENT_COLOR_NAME = AccentColor;
				CODE_SIGN_STYLE = Automatic;
				CURRENT_PROJECT_VERSION = 1;
				DEVELOPMENT_TEAM = 37CAHGRH45;
				ENABLE_APP_SANDBOX = YES;
				ENABLE_HARDENED_RUNTIME = YES;
				ENABLE_PREVIEWS = YES;
				ENABLE_USER_SELECTED_FILES = readonly;
				GENERATE_INFOPLIST_FILE = YES;
				"INFOPLIST_KEY_UIApplicationSceneManifest_Generation[sdk=iphoneos*]" = YES;
				"INFOPLIST_KEY_UIApplicationSceneManifest_Generation[sdk=iphonesimulator*]" = YES;
				"INFOPLIST_KEY_UIApplicationSupportsIndirectInputEvents[sdk=iphoneos*]" = YES;
				"INFOPLIST_KEY_UIApplicationSupportsIndirectInputEvents[sdk=iphonesimulator*]" = YES;
				"INFOPLIST_KEY_UILaunchScreen_Generation[sdk=iphoneos*]" = YES;
				"INFOPLIST_KEY_UILaunchScreen_Generation[sdk=iphonesimulator*]" = YES;
				"INFOPLIST_KEY_UIStatusBarStyle[sdk=iphoneos*]" = UIStatusBarStyleDefault;
				"INFOPLIST_KEY_UIStatusBarStyle[sdk=iphonesimulator*]" = UIStatusBarStyleDefault;
				INFOPLIST_KEY_UISupportedInterfaceOrientations_iPad = "UIInterfaceOrientationPortrait UIInterfaceOrientationPortraitUpsideDown UIInterfaceOrientationLandscapeLeft UIInterfaceOrientationLandscapeRight";
				INFOPLIST_KEY_UISupportedInterfaceOrientations_iPhone = "UIInterfaceOrientationPortrait UIInterfaceOrientationLandscapeLeft UIInterfaceOrientationLandscapeRight";
				IPHONEOS_DEPLOYMENT_TARGET = 26.2;
				LD_RUNPATH_SEARCH_PATHS = "@executable_path/Frameworks";
				"LD_RUNPATH_SEARCH_PATHS[sdk=macosx*]" = "@executable_path/../Frameworks";
				MACOSX_DEPLOYMENT_TARGET = 26.2;
				MARKETING_VERSION = 1.0;
				PRODUCT_BUNDLE_IDENTIFIER = "com.amplifiedprojects.Family-Hub";
				PRODUCT_NAME = "$(TARGET_NAME)";
				REGISTER_APP_GROUPS = YES;
				SDKROOT = auto;
				STRING_CATALOG_GENERATE_SYMBOLS = YES;
				SUPPORTED_PLATFORMS = "iphoneos iphonesimulator macosx xros xrsimulator";
				SWIFT_APPROACHABLE_CONCURRENCY = YES;
				SWIFT_DEFAULT_ACTOR_ISOLATION = MainActor;
				SWIFT_EMIT_LOC_STRINGS = YES;
				SWIFT_UPCOMING_FEATURE_MEMBER_IMPORT_VISIBILITY = YES;
				SWIFT_VERSION = 5.0;
				TARGETED_DEVICE_FAMILY = "1,2,7";
				XROS_DEPLOYMENT_TARGET = 26.2;
			};
			name = Release;
		};
		F62DD40A2F70509900F9D858 /* Debug */ = {
			isa = XCBuildConfiguration;
			buildSettings = {
				BUNDLE_LOADER = "$(TEST_HOST)";
				CODE_SIGN_STYLE = Automatic;
				CURRENT_PROJECT_VERSION = 1;
				DEVELOPMENT_TEAM = 37CAHGRH45;
				GENERATE_INFOPLIST_FILE = YES;
				IPHONEOS_DEPLOYMENT_TARGET = 26.2;
				MACOSX_DEPLOYMENT_TARGET = 26.2;
				MARKETING_VERSION = 1.0;
				PRODUCT_BUNDLE_IDENTIFIER = "com.amplifiedprojects.Family-HubTests";
				PRODUCT_NAME = "$(TARGET_NAME)";
				SDKROOT = auto;
				STRING_CATALOG_GENERATE_SYMBOLS = NO;
				SUPPORTED_PLATFORMS = "iphoneos iphonesimulator macosx xros xrsimulator";
				SWIFT_APPROACHABLE_CONCURRENCY = YES;
				SWIFT_EMIT_LOC_STRINGS = NO;
				SWIFT_UPCOMING_FEATURE_MEMBER_IMPORT_VISIBILITY = YES;
				SWIFT_VERSION = 5.0;
				TARGETED_DEVICE_FAMILY = "1,2,7";
				TEST_HOST = "$(BUILT_PRODUCTS_DIR)/Family Hub.app/$(BUNDLE_EXECUTABLE_FOLDER_PATH)/Family Hub";
				XROS_DEPLOYMENT_TARGET = 26.2;
			};
			name = Debug;
		};
		F62DD40B2F70509900F9D858 /* Release */ = {
			isa = XCBuildConfiguration;
			buildSettings = {
				BUNDLE_LOADER = "$(TEST_HOST)";
				CODE_SIGN_STYLE = Automatic;
				CURRENT_PROJECT_VERSION = 1;
				DEVELOPMENT_TEAM = 37CAHGRH45;
				GENERATE_INFOPLIST_FILE = YES;
				IPHONEOS_DEPLOYMENT_TARGET = 26.2;
				MACOSX_DEPLOYMENT_TARGET = 26.2;
				MARKETING_VERSION = 1.0;
				PRODUCT_BUNDLE_IDENTIFIER = "com.amplifiedprojects.Family-HubTests";
				PRODUCT_NAME = "$(TARGET_NAME)";
				SDKROOT = auto;
				STRING_CATALOG_GENERATE_SYMBOLS = NO;
				SUPPORTED_PLATFORMS = "iphoneos iphonesimulator macosx xros xrsimulator";
				SWIFT_APPROACHABLE_CONCURRENCY = YES;
				SWIFT_EMIT_LOC_STRINGS = NO;
				SWIFT_UPCOMING_FEATURE_MEMBER_IMPORT_VISIBILITY = YES;
				SWIFT_VERSION = 5.0;
				TARGETED_DEVICE_FAMILY = "1,2,7";
				TEST_HOST = "$(BUILT_PRODUCTS_DIR)/Family Hub.app/$(BUNDLE_EXECUTABLE_FOLDER_PATH)/Family Hub";
				XROS_DEPLOYMENT_TARGET = 26.2;
			};
			name = Release;
		};
		F62DD40D2F70509900F9D858 /* Debug */ = {
			isa = XCBuildConfiguration;
			buildSettings = {
				CODE_SIGN_STYLE = Automatic;
				CURRENT_PROJECT_VERSION = 1;
				DEVELOPMENT_TEAM = 37CAHGRH45;
				GENERATE_INFOPLIST_FILE = YES;
				IPHONEOS_DEPLOYMENT_TARGET = 26.2;
				MACOSX_DEPLOYMENT_TARGET = 26.2;
				MARKETING_VERSION = 1.0;
				PRODUCT_BUNDLE_IDENTIFIER = "com.amplifiedprojects.Family-HubUITests";
				PRODUCT_NAME = "$(TARGET_NAME)";
				SDKROOT = auto;
				STRING_CATALOG_GENERATE_SYMBOLS = NO;
				SUPPORTED_PLATFORMS = "iphoneos iphonesimulator macosx xros xrsimulator";
				SWIFT_APPROACHABLE_CONCURRENCY = YES;
				SWIFT_EMIT_LOC_STRINGS = NO;
				SWIFT_UPCOMING_FEATURE_MEMBER_IMPORT_VISIBILITY = YES;
				SWIFT_VERSION = 5.0;
				TARGETED_DEVICE_FAMILY = "1,2,7";
				TEST_TARGET_NAME = "Family Hub";
				XROS_DEPLOYMENT_TARGET = 26.2;
			};
			name = Debug;
		};
		F62DD40E2F70509900F9D858 /* Release */ = {
			isa = XCBuildConfiguration;
			buildSettings = {
				CODE_SIGN_STYLE = Automatic;
				CURRENT_PROJECT_VERSION = 1;
				DEVELOPMENT_TEAM = 37CAHGRH45;
				GENERATE_INFOPLIST_FILE = YES;
				IPHONEOS_DEPLOYMENT_TARGET = 26.2;
				MACOSX_DEPLOYMENT_TARGET = 26.2;
				MARKETING_VERSION = 1.0;
				PRODUCT_BUNDLE_IDENTIFIER = "com.amplifiedprojects.Family-HubUITests";
				PRODUCT_NAME = "$(TARGET_NAME)";
				SDKROOT = auto;
				STRING_CATALOG_GENERATE_SYMBOLS = NO;
				SUPPORTED_PLATFORMS = "iphoneos iphonesimulator macosx xros xrsimulator";
				SWIFT_APPROACHABLE_CONCURRENCY = YES;
				SWIFT_EMIT_LOC_STRINGS = NO;
				SWIFT_UPCOMING_FEATURE_MEMBER_IMPORT_VISIBILITY = YES;
				SWIFT_VERSION = 5.0;
				TARGETED_DEVICE_FAMILY = "1,2,7";
				TEST_TARGET_NAME = "Family Hub";
				XROS_DEPLOYMENT_TARGET = 26.2;
			};
			name = Release;
		};
/* End XCBuildConfiguration section */

/* Begin XCConfigurationList section */
		F62DD3E02F70509600F9D858 /* Build configuration list for PBXProject "Family Hub" */ = {
			isa = XCConfigurationList;
			buildConfigurations = (
				F62DD4042F70509900F9D858 /* Debug */,
				F62DD4052F70509900F9D858 /* Release */,
			);
			defaultConfigurationIsVisible = 0;
			defaultConfigurationName = Release;
		};
		F62DD4062F70509900F9D858 /* Build configuration list for PBXNativeTarget "Family Hub" */ = {
			isa = XCConfigurationList;
			buildConfigurations = (
				F62DD4072F70509900F9D858 /* Debug */,
				F62DD4082F70509900F9D858 /* Release */,
			);
			defaultConfigurationIsVisible = 0;
			defaultConfigurationName = Release;
		};
		F62DD4092F70509900F9D858 /* Build configuration list for PBXNativeTarget "Family HubTests" */ = {
			isa = XCConfigurationList;
			buildConfigurations = (
				F62DD40A2F70509900F9D858 /* Debug */,
				F62DD40B2F70509900F9D858 /* Release */,
			);
			defaultConfigurationIsVisible = 0;
			defaultConfigurationName = Release;
		};
		F62DD40C2F70509900F9D858 /* Build configuration list for PBXNativeTarget "Family HubUITests" */ = {
			isa = XCConfigurationList;
			buildConfigurations = (
				F62DD40D2F70509900F9D858 /* Debug */,
				F62DD40E2F70509900F9D858 /* Release */,
			);
			defaultConfigurationIsVisible = 0;
			defaultConfigurationName = Release;
		};
/* End XCConfigurationList section */

/* Begin XCRemoteSwiftPackageReference section */
		F62DD40F2F7054C400F9D858 /* XCRemoteSwiftPackageReference "supabase-swift" */ = {
			isa = XCRemoteSwiftPackageReference;
			repositoryURL = "https://github.com/supabase-community/supabase-swift";
			requirement = {
				kind = upToNextMajorVersion;
				minimumVersion = 2.5.1;
			};
		};
/* End XCRemoteSwiftPackageReference section */

/* Begin XCSwiftPackageProductDependency section */
		F62DD4102F7054C400F9D858 /* Auth */ = {
			isa = XCSwiftPackageProductDependency;
			package = F62DD40F2F7054C400F9D858 /* XCRemoteSwiftPackageReference "supabase-swift" */;
			productName = Auth;
		};
		F62DD4122F7054C400F9D858 /* Functions */ = {
			isa = XCSwiftPackageProductDependency;
			package = F62DD40F2F7054C400F9D858 /* XCRemoteSwiftPackageReference "supabase-swift" */;
			productName = Functions;
		};
		F62DD4142F7054C400F9D858 /* PostgREST */ = {
			isa = XCSwiftPackageProductDependency;
			package = F62DD40F2F7054C400F9D858 /* XCRemoteSwiftPackageReference "supabase-swift" */;
			productName = PostgREST;
		};
		F62DD4162F7054C400F9D858 /* Realtime */ = {
			isa = XCSwiftPackageProductDependency;
			package = F62DD40F2F7054C400F9D858 /* XCRemoteSwiftPackageReference "supabase-swift" */;
			productName = Realtime;
		};
		F62DD4182F7054C400F9D858 /* Storage */ = {
			isa = XCSwiftPackageProductDependency;
			package = F62DD40F2F7054C400F9D858 /* XCRemoteSwiftPackageReference "supabase-swift" */;
			productName = Storage;
		};
		F62DD41B2F7055F300F9D858 /* Supabase */ = {
			isa = XCSwiftPackageProductDependency;
			package = F62DD40F2F7054C400F9D858 /* XCRemoteSwiftPackageReference "supabase-swift" */;
			productName = Supabase;
		};
/* End XCSwiftPackageProductDependency section */
	};
	rootObject = F62DD3DD2F70509600F9D858 /* Project object */;
}
